
Microsoft Visual Studio Solution File, Format Version 12.00
# Visual Studio Version 17
VisualStudioVersion = 17.0.31912.275
MinimumVisualStudioVersion = 10.0.40219.1
Project("{FAE04EC0-301F-11D3-BF4B-00C04F79EFBC}") = "Dampf", "Dampf\Dampf.csproj", "{F3B3756E-C5CD-4AB4-AE4D-DDBA4DBD7AD2}"
EndProject
Global
	GlobalSection(SolutionConfigurationPlatforms) = preSolution
		Debug|Any CPU = Debug|Any CPU
		Release|Any CPU = Release|Any CPU
	EndGlobalSection
	GlobalSection(ProjectConfigurationPlatforms) = postSolution
		{F3B3756E-C5CD-4AB4-AE4D-DDBA4DBD7AD2}.Debug|Any CPU.ActiveCfg = Debug|Any CPU
		{F3B3756E-C5CD-4AB4-AE4D-DDBA4DBD7AD2}.Debug|Any CPU.Build.0 = Debug|Any CPU
		{F3B3756E-C5CD-4AB4-AE4D-DDBA4DBD7AD2}.Release|Any CPU.ActiveCfg = Release|Any CPU
		{F3B3756E-C5CD-4AB4-AE4D-DDBA4DBD7AD2}.Release|Any CPU.Build.0 = Release|Any CPU
	EndGlobalSection
	GlobalSection(SolutionProperties) = preSolution
		HideSolutionNode = FALSE
	EndGlobalSection
	GlobalSection(ExtensibilityGlobals) = postSolution
		SolutionGuid = {DB91252D-23CD-420E-8463-97E7118636BE}
	EndGlobalSection
EndGlobal
